
Microsoft Visual Studio Solution File, Format Version 12.00
# Visual Studio 15
VisualStudioVersion = 15.0.27703.2026
MinimumVisualStudioVersion = 10.0.40219.1
Project("{FAE04EC0-301F-11D3-BF4B-00C04F79EFBC}") = "Web.Rng", "Web.Rng\Web.Rng.csproj", "{6E7A5E1F-90DF-4151-99AC-DB7A278A1E20}"
EndProject
Project("{E53339B2-1760-4266-BCC7-CA923CBCF16C}") = "docker-compose", "docker-compose.dcproj", "{3AA1FA24-3307-4F10-9680-3DB15E44E9AA}"
EndProject
Global
	GlobalSection(SolutionConfigurationPlatforms) = preSolution
		Debug|Any CPU = Debug|Any CPU
		Release|Any CPU = Release|Any CPU
	EndGlobalSection
	GlobalSection(ProjectConfigurationPlatforms) = postSolution
		{6E7A5E1F-90DF-4151-99AC-DB7A278A1E20}.Debug|Any CPU.ActiveCfg = Debug|Any CPU
		{6E7A5E1F-90DF-4151-99AC-DB7A278A1E20}.Debug|Any CPU.Build.0 = Debug|Any CPU
		{6E7A5E1F-90DF-4151-99AC-DB7A278A1E20}.Release|Any CPU.ActiveCfg = Release|Any CPU
		{6E7A5E1F-90DF-4151-99AC-DB7A278A1E20}.Release|Any CPU.Build.0 = Release|Any CPU
		{3AA1FA24-3307-4F10-9680-3DB15E44E9AA}.Debug|Any CPU.ActiveCfg = Debug|Any CPU
		{3AA1FA24-3307-4F10-9680-3DB15E44E9AA}.Debug|Any CPU.Build.0 = Debug|Any CPU
		{3AA1FA24-3307-4F10-9680-3DB15E44E9AA}.Release|Any CPU.ActiveCfg = Release|Any CPU
		{3AA1FA24-3307-4F10-9680-3DB15E44E9AA}.Release|Any CPU.Build.0 = Release|Any CPU
	EndGlobalSection
	GlobalSection(SolutionProperties) = preSolution
		HideSolutionNode = FALSE
	EndGlobalSection
	GlobalSection(ExtensibilityGlobals) = postSolution
		SolutionGuid = {78E3E846-05C0-4E0B-BE02-80417E5904F5}
	EndGlobalSection
EndGlobal
