
Microsoft Visual Studio Solution File, Format Version 12.00
# Visual Studio 15
VisualStudioVersion = 15.0.27703.2026
MinimumVisualStudioVersion = 10.0.40219.1
Project("{FAE04EC0-301F-11D3-BF4B-00C04F79EFBC}") = "Rng.Data", "Rng.Data\Rng.Data.csproj", "{955CDAAB-98DD-4E53-A470-CD234B156AF0}"
EndProject
Project("{FAE04EC0-301F-11D3-BF4B-00C04F79EFBC}") = "Rng.Core", "Rng.Core\Rng.Core.csproj", "{BFCE0246-171F-4E1F-8CAE-785DDE40A920}"
EndProject
Project("{FAE04EC0-301F-11D3-BF4B-00C04F79EFBC}") = "Rng.Services", "Rng.Services\Rng.Services.csproj", "{AE684774-CDCB-4C4A-9FD0-73DC83736F17}"
EndProject
Project("{FAE04EC0-301F-11D3-BF4B-00C04F79EFBC}") = "Rng.Web", "Rng.Web\Rng.Web.csproj", "{61A7E77F-B838-4C31-AA21-3C1355EE35BD}"
EndProject
Global
	GlobalSection(SolutionConfigurationPlatforms) = preSolution
		Debug|Any CPU = Debug|Any CPU
		Release|Any CPU = Release|Any CPU
	EndGlobalSection
	GlobalSection(ProjectConfigurationPlatforms) = postSolution
		{955CDAAB-98DD-4E53-A470-CD234B156AF0}.Debug|Any CPU.ActiveCfg = Debug|Any CPU
		{955CDAAB-98DD-4E53-A470-CD234B156AF0}.Debug|Any CPU.Build.0 = Debug|Any CPU
		{955CDAAB-98DD-4E53-A470-CD234B156AF0}.Release|Any CPU.ActiveCfg = Release|Any CPU
		{955CDAAB-98DD-4E53-A470-CD234B156AF0}.Release|Any CPU.Build.0 = Release|Any CPU
		{BFCE0246-171F-4E1F-8CAE-785DDE40A920}.Debug|Any CPU.ActiveCfg = Debug|Any CPU
		{BFCE0246-171F-4E1F-8CAE-785DDE40A920}.Debug|Any CPU.Build.0 = Debug|Any CPU
		{BFCE0246-171F-4E1F-8CAE-785DDE40A920}.Release|Any CPU.ActiveCfg = Release|Any CPU
		{BFCE0246-171F-4E1F-8CAE-785DDE40A920}.Release|Any CPU.Build.0 = Release|Any CPU
		{AE684774-CDCB-4C4A-9FD0-73DC83736F17}.Debug|Any CPU.ActiveCfg = Debug|Any CPU
		{AE684774-CDCB-4C4A-9FD0-73DC83736F17}.Debug|Any CPU.Build.0 = Debug|Any CPU
		{AE684774-CDCB-4C4A-9FD0-73DC83736F17}.Release|Any CPU.ActiveCfg = Release|Any CPU
		{AE684774-CDCB-4C4A-9FD0-73DC83736F17}.Release|Any CPU.Build.0 = Release|Any CPU
		{61A7E77F-B838-4C31-AA21-3C1355EE35BD}.Debug|Any CPU.ActiveCfg = Debug|Any CPU
		{61A7E77F-B838-4C31-AA21-3C1355EE35BD}.Debug|Any CPU.Build.0 = Debug|Any CPU
		{61A7E77F-B838-4C31-AA21-3C1355EE35BD}.Release|Any CPU.ActiveCfg = Release|Any CPU
		{61A7E77F-B838-4C31-AA21-3C1355EE35BD}.Release|Any CPU.Build.0 = Release|Any CPU
	EndGlobalSection
	GlobalSection(SolutionProperties) = preSolution
		HideSolutionNode = FALSE
	EndGlobalSection
	GlobalSection(ExtensibilityGlobals) = postSolution
		SolutionGuid = {78E3E846-05C0-4E0B-BE02-80417E5904F5}
	EndGlobalSection
EndGlobal
